
Microsoft Visual Studio Solution File, Format Version 12.00
# Visual Studio Version 17
VisualStudioVersion = 17.5.002.0
MinimumVisualStudioVersion = 10.0.40219.1
Project("{2150E333-8FDC-42A3-9474-1A3956D46DE8}") = "Study", "Study", "{6C49B0B5-EB2E-49B8-A30A-D14C30043DAF}"
EndProject
Project("{9A19103F-16F7-4668-BE54-9A1E7A4F7556}") = "language_C#", "Study\language_C#\language_C#.csproj", "{A64F64FD-EE13-4F3C-A72D-6ECF38938842}"
EndProject
Global
	GlobalSection(SolutionConfigurationPlatforms) = preSolution
		Debug|Any CPU = Debug|Any CPU
		Release|Any CPU = Release|Any CPU
	EndGlobalSection
	GlobalSection(ProjectConfigurationPlatforms) = postSolution
		{A64F64FD-EE13-4F3C-A72D-6ECF38938842}.Debug|Any CPU.ActiveCfg = Debug|Any CPU
		{A64F64FD-EE13-4F3C-A72D-6ECF38938842}.Debug|Any CPU.Build.0 = Debug|Any CPU
		{A64F64FD-EE13-4F3C-A72D-6ECF38938842}.Release|Any CPU.ActiveCfg = Release|Any CPU
		{A64F64FD-EE13-4F3C-A72D-6ECF38938842}.Release|Any CPU.Build.0 = Release|Any CPU
	EndGlobalSection
	GlobalSection(SolutionProperties) = preSolution
		HideSolutionNode = FALSE
	EndGlobalSection
	GlobalSection(NestedProjects) = preSolution
		{A64F64FD-EE13-4F3C-A72D-6ECF38938842} = {6C49B0B5-EB2E-49B8-A30A-D14C30043DAF}
	EndGlobalSection
	GlobalSection(ExtensibilityGlobals) = postSolution
		SolutionGuid = {EAC83864-3B1F-4421-AEA4-380799E98A95}
	EndGlobalSection
EndGlobal
